// !$*UTF8*$!
{
	archiveVersion = 1;
	classes = {
	};
	objectVersion = 50;
	objects = {

/* Begin PBXBuildFile section */
		AB1DEB89265E571700B10B33 /* OpenGL.framework in Frameworks */ = {isa = PBXBuildFile; fileRef = AB1DEB88265E571700B10B33 /* OpenGL.framework */; };
		AB1DEB8B265E571B00B10B33 /* GLUT.framework in Frameworks */ = {isa = PBXBuildFile; fileRef = AB1DEB8A265E571B00B10B33 /* GLUT.framework */; };
		AB1DEB93265E572900B10B33 /* main.cpp in Sources */ = {isa = PBXBuildFile; fileRef = AB1DEB92265E572900B10B33 /* main.cpp */; };
		AB1DEB97265E579800B10B33 /* OpenGL.framework in Frameworks */ = {isa = PBXBuildFile; fileRef = AB1DEB88265E571700B10B33 /* OpenGL.framework */; };
		AB1DEB98265E579D00B10B33 /* GLUT.framework in Frameworks */ = {isa = PBXBuildFile; fileRef = AB1DEB8A265E571B00B10B33 /* GLUT.framework */; };
		AB1DEBA0265E57C100B10B33 /* main.cpp in Sources */ = {isa = PBXBuildFile; fileRef = AB1DEB9F265E57C100B10B33 /* main.cpp */; };
		AB1DEBA4265E57C900B10B33 /* OpenGL.framework in Frameworks */ = {isa = PBXBuildFile; fileRef = AB1DEB88265E571700B10B33 /* OpenGL.framework */; };
		AB1DEBA5265E57CF00B10B33 /* GLUT.framework in Frameworks */ = {isa = PBXBuildFile; fileRef = AB1DEB8A265E571B00B10B33 /* GLUT.framework */; };
		AB1DEBAD265FABDD00B10B33 /* main.cpp in Sources */ = {isa = PBXBuildFile; fileRef = AB1DEBAC265FABDD00B10B33 /* main.cpp */; };
		AB1DEBB1265FABE900B10B33 /* OpenGL.framework in Frameworks */ = {isa = PBXBuildFile; fileRef = AB1DEB88265E571700B10B33 /* OpenGL.framework */; };
		AB1DEBB2265FABED00B10B33 /* GLUT.framework in Frameworks */ = {isa = PBXBuildFile; fileRef = AB1DEB8A265E571B00B10B33 /* GLUT.framework */; };
		AB1DEBBA265FBEA700B10B33 /* main.cpp in Sources */ = {isa = PBXBuildFile; fileRef = AB1DEBB9265FBEA700B10B33 /* main.cpp */; };
		AB1DEBBE265FBEB000B10B33 /* OpenGL.framework in Frameworks */ = {isa = PBXBuildFile; fileRef = AB1DEB88265E571700B10B33 /* OpenGL.framework */; };
		AB1DEBBF265FBEB500B10B33 /* GLUT.framework in Frameworks */ = {isa = PBXBuildFile; fileRef = AB1DEB8A265E571B00B10B33 /* GLUT.framework */; };
		ABE723D02660F36500532944 /* main.cpp in Sources */ = {isa = PBXBuildFile; fileRef = ABE723CF2660F36500532944 /* main.cpp */; };
		ABE723D42660F36A00532944 /* OpenGL.framework in Frameworks */ = {isa = PBXBuildFile; fileRef = AB1DEB88265E571700B10B33 /* OpenGL.framework */; };
		ABE723D52660F36D00532944 /* GLUT.framework in Frameworks */ = {isa = PBXBuildFile; fileRef = AB1DEB8A265E571B00B10B33 /* GLUT.framework */; };
		ABE723DD2660FC5600532944 /* main.cpp in Sources */ = {isa = PBXBuildFile; fileRef = ABE723DC2660FC5600532944 /* main.cpp */; };
		ABE723E12660FC5B00532944 /* OpenGL.framework in Frameworks */ = {isa = PBXBuildFile; fileRef = AB1DEB88265E571700B10B33 /* OpenGL.framework */; };
		ABE723E22660FC5F00532944 /* GLUT.framework in Frameworks */ = {isa = PBXBuildFile; fileRef = AB1DEB8A265E571B00B10B33 /* GLUT.framework */; };
		ABE723EA2666316400532944 /* main.cpp in Sources */ = {isa = PBXBuildFile; fileRef = ABE723E92666316400532944 /* main.cpp */; };
		ABE723EE2666316A00532944 /* OpenGL.framework in Frameworks */ = {isa = PBXBuildFile; fileRef = AB1DEB88265E571700B10B33 /* OpenGL.framework */; };
		ABE723EF2666317800532944 /* GLUT.framework in Frameworks */ = {isa = PBXBuildFile; fileRef = AB1DEB8A265E571B00B10B33 /* GLUT.framework */; };
		ABE723F72667A28B00532944 /* main.cpp in Sources */ = {isa = PBXBuildFile; fileRef = ABE723F62667A28B00532944 /* main.cpp */; };
		ABE723FB2667A29200532944 /* OpenGL.framework in Frameworks */ = {isa = PBXBuildFile; fileRef = AB1DEB88265E571700B10B33 /* OpenGL.framework */; };
		ABE723FC2667A29600532944 /* GLUT.framework in Frameworks */ = {isa = PBXBuildFile; fileRef = AB1DEB8A265E571B00B10B33 /* GLUT.framework */; };
		ABE72404266B94C200532944 /* main.cpp in Sources */ = {isa = PBXBuildFile; fileRef = ABE72403266B94C200532944 /* main.cpp */; };
		ABE72408266B94C900532944 /* OpenGL.framework in Frameworks */ = {isa = PBXBuildFile; fileRef = AB1DEB88265E571700B10B33 /* OpenGL.framework */; };
		ABE72409266B94CD00532944 /* GLUT.framework in Frameworks */ = {isa = PBXBuildFile; fileRef = AB1DEB8A265E571B00B10B33 /* GLUT.framework */; };
		ABE72411266CD17700532944 /* main.cpp in Sources */ = {isa = PBXBuildFile; fileRef = ABE72410266CD17700532944 /* main.cpp */; };
		ABE72415266CD36E00532944 /* OpenGL.framework in Frameworks */ = {isa = PBXBuildFile; fileRef = AB1DEB88265E571700B10B33 /* OpenGL.framework */; };
		ABE72416266CD37800532944 /* GLUT.framework in Frameworks */ = {isa = PBXBuildFile; fileRef = AB1DEB8A265E571B00B10B33 /* GLUT.framework */; };
		ABE7241E266E403600532944 /* main.cpp in Sources */ = {isa = PBXBuildFile; fileRef = ABE7241D266E403600532944 /* main.cpp */; };
		ABE72422266E403C00532944 /* OpenGL.framework in Frameworks */ = {isa = PBXBuildFile; fileRef = AB1DEB88265E571700B10B33 /* OpenGL.framework */; };
		ABE72423266E403F00532944 /* GLUT.framework in Frameworks */ = {isa = PBXBuildFile; fileRef = AB1DEB8A265E571B00B10B33 /* GLUT.framework */; };
		ABE7242B266E467800532944 /* main.cpp in Sources */ = {isa = PBXBuildFile; fileRef = ABE7242A266E467800532944 /* main.cpp */; };
		ABE7242F266E468400532944 /* OpenGL.framework in Frameworks */ = {isa = PBXBuildFile; fileRef = AB1DEB88265E571700B10B33 /* OpenGL.framework */; };
		ABE72430266E468900532944 /* GLUT.framework in Frameworks */ = {isa = PBXBuildFile; fileRef = AB1DEB8A265E571B00B10B33 /* GLUT.framework */; };
		ABE72438266F846700532944 /* main.cpp in Sources */ = {isa = PBXBuildFile; fileRef = ABE72437266F846700532944 /* main.cpp */; };
		ABE7243C266F847200532944 /* OpenGL.framework in Frameworks */ = {isa = PBXBuildFile; fileRef = AB1DEB88265E571700B10B33 /* OpenGL.framework */; };
		ABE7243D266F847500532944 /* GLUT.framework in Frameworks */ = {isa = PBXBuildFile; fileRef = AB1DEB8A265E571B00B10B33 /* GLUT.framework */; };
		ABE724452670ACE600532944 /* main.cpp in Sources */ = {isa = PBXBuildFile; fileRef = ABE724442670ACE600532944 /* main.cpp */; };
		ABE724492670ACEE00532944 /* OpenGL.framework in Frameworks */ = {isa = PBXBuildFile; fileRef = AB1DEB88265E571700B10B33 /* OpenGL.framework */; };
		ABE7244A2670ACF300532944 /* GLUT.framework in Frameworks */ = {isa = PBXBuildFile; fileRef = AB1DEB8A265E571B00B10B33 /* GLUT.framework */; };
/* End PBXBuildFile section */

/* Begin PBXCopyFilesBuildPhase section */
		AB1DEB7B265E570C00B10B33 /* CopyFiles */ = {
			isa = PBXCopyFilesBuildPhase;
			buildActionMask = 2147483647;
			dstPath = /usr/share/man/man1/;
			dstSubfolderSpec = 0;
			files = (
			);
			runOnlyForDeploymentPostprocessing = 1;
		};
		AB1DEB8E265E572900B10B33 /* CopyFiles */ = {
			isa = PBXCopyFilesBuildPhase;
			buildActionMask = 2147483647;
			dstPath = /usr/share/man/man1/;
			dstSubfolderSpec = 0;
			files = (
			);
			runOnlyForDeploymentPostprocessing = 1;
		};
		AB1DEB9B265E57C100B10B33 /* CopyFiles */ = {
			isa = PBXCopyFilesBuildPhase;
			buildActionMask = 2147483647;
			dstPath = /usr/share/man/man1/;
			dstSubfolderSpec = 0;
			files = (
			);
			runOnlyForDeploymentPostprocessing = 1;
		};
		AB1DEBA8265FABDD00B10B33 /* CopyFiles */ = {
			isa = PBXCopyFilesBuildPhase;
			buildActionMask = 2147483647;
			dstPath = /usr/share/man/man1/;
			dstSubfolderSpec = 0;
			files = (
			);
			runOnlyForDeploymentPostprocessing = 1;
		};
		AB1DEBB5265FBEA700B10B33 /* CopyFiles */ = {
			isa = PBXCopyFilesBuildPhase;
			buildActionMask = 2147483647;
			dstPath = /usr/share/man/man1/;
			dstSubfolderSpec = 0;
			files = (
			);
			runOnlyForDeploymentPostprocessing = 1;
		};
		ABE723CB2660F36500532944 /* CopyFiles */ = {
			isa = PBXCopyFilesBuildPhase;
			buildActionMask = 2147483647;
			dstPath = /usr/share/man/man1/;
			dstSubfolderSpec = 0;
			files = (
			);
			runOnlyForDeploymentPostprocessing = 1;
		};
		ABE723D82660FC5600532944 /* CopyFiles */ = {
			isa = PBXCopyFilesBuildPhase;
			buildActionMask = 2147483647;
			dstPath = /usr/share/man/man1/;
			dstSubfolderSpec = 0;
			files = (
			);
			runOnlyForDeploymentPostprocessing = 1;
		};
		ABE723E52666316400532944 /* CopyFiles */ = {
			isa = PBXCopyFilesBuildPhase;
			buildActionMask = 2147483647;
			dstPath = /usr/share/man/man1/;
			dstSubfolderSpec = 0;
			files = (
			);
			runOnlyForDeploymentPostprocessing = 1;
		};
		ABE723F22667A28B00532944 /* CopyFiles */ = {
			isa = PBXCopyFilesBuildPhase;
			buildActionMask = 2147483647;
			dstPath = /usr/share/man/man1/;
			dstSubfolderSpec = 0;
			files = (
			);
			runOnlyForDeploymentPostprocessing = 1;
		};
		ABE723FF266B94C200532944 /* CopyFiles */ = {
			isa = PBXCopyFilesBuildPhase;
			buildActionMask = 2147483647;
			dstPath = /usr/share/man/man1/;
			dstSubfolderSpec = 0;
			files = (
			);
			runOnlyForDeploymentPostprocessing = 1;
		};
		ABE7240C266CD17700532944 /* CopyFiles */ = {
			isa = PBXCopyFilesBuildPhase;
			buildActionMask = 2147483647;
			dstPath = /usr/share/man/man1/;
			dstSubfolderSpec = 0;
			files = (
			);
			runOnlyForDeploymentPostprocessing = 1;
		};
		ABE72419266E403600532944 /* CopyFiles */ = {
			isa = PBXCopyFilesBuildPhase;
			buildActionMask = 2147483647;
			dstPath = /usr/share/man/man1/;
			dstSubfolderSpec = 0;
			files = (
			);
			runOnlyForDeploymentPostprocessing = 1;
		};
		ABE72426266E467700532944 /* CopyFiles */ = {
			isa = PBXCopyFilesBuildPhase;
			buildActionMask = 2147483647;
			dstPath = /usr/share/man/man1/;
			dstSubfolderSpec = 0;
			files = (
			);
			runOnlyForDeploymentPostprocessing = 1;
		};
		ABE72433266F846700532944 /* CopyFiles */ = {
			isa = PBXCopyFilesBuildPhase;
			buildActionMask = 2147483647;
			dstPath = /usr/share/man/man1/;
			dstSubfolderSpec = 0;
			files = (
			);
			runOnlyForDeploymentPostprocessing = 1;
		};
		ABE724402670ACE600532944 /* CopyFiles */ = {
			isa = PBXCopyFilesBuildPhase;
			buildActionMask = 2147483647;
			dstPath = /usr/share/man/man1/;
			dstSubfolderSpec = 0;
			files = (
			);
			runOnlyForDeploymentPostprocessing = 1;
		};
/* End PBXCopyFilesBuildPhase section */

/* Begin PBXFileReference section */
		AB1DEB7D265E570C00B10B33 /* Computer Graphics */ = {isa = PBXFileReference; explicitFileType = "compiled.mach-o.executable"; includeInIndex = 0; path = "Computer Graphics"; sourceTree = BUILT_PRODUCTS_DIR; };
		AB1DEB88265E571700B10B33 /* OpenGL.framework */ = {isa = PBXFileReference; lastKnownFileType = wrapper.framework; name = OpenGL.framework; path = System/Library/Frameworks/OpenGL.framework; sourceTree = SDKROOT; };
		AB1DEB8A265E571B00B10B33 /* GLUT.framework */ = {isa = PBXFileReference; lastKnownFileType = wrapper.framework; name = GLUT.framework; path = System/Library/Frameworks/GLUT.framework; sourceTree = SDKROOT; };
		AB1DEB90265E572900B10B33 /* 01_OpenGL_Start */ = {isa = PBXFileReference; explicitFileType = "compiled.mach-o.executable"; includeInIndex = 0; path = 01_OpenGL_Start; sourceTree = BUILT_PRODUCTS_DIR; };
		AB1DEB92265E572900B10B33 /* main.cpp */ = {isa = PBXFileReference; lastKnownFileType = sourcecode.cpp.cpp; path = main.cpp; sourceTree = "<group>"; };
		AB1DEB9D265E57C100B10B33 /* 02_KeyBoardCallBack */ = {isa = PBXFileReference; explicitFileType = "compiled.mach-o.executable"; includeInIndex = 0; path = 02_KeyBoardCallBack; sourceTree = BUILT_PRODUCTS_DIR; };
		AB1DEB9F265E57C100B10B33 /* main.cpp */ = {isa = PBXFileReference; lastKnownFileType = sourcecode.cpp.cpp; path = main.cpp; sourceTree = "<group>"; };
		AB1DEBAA265FABDD00B10B33 /* 03_MouseCallback */ = {isa = PBXFileReference; explicitFileType = "compiled.mach-o.executable"; includeInIndex = 0; path = 03_MouseCallback; sourceTree = BUILT_PRODUCTS_DIR; };
		AB1DEBAC265FABDD00B10B33 /* main.cpp */ = {isa = PBXFileReference; lastKnownFileType = sourcecode.cpp.cpp; path = main.cpp; sourceTree = "<group>"; };
		AB1DEBB7265FBEA700B10B33 /* 04_MenuCallBack */ = {isa = PBXFileReference; explicitFileType = "compiled.mach-o.executable"; includeInIndex = 0; path = 04_MenuCallBack; sourceTree = BUILT_PRODUCTS_DIR; };
		AB1DEBB9265FBEA700B10B33 /* main.cpp */ = {isa = PBXFileReference; lastKnownFileType = sourcecode.cpp.cpp; path = main.cpp; sourceTree = "<group>"; };
		ABE723CD2660F36500532944 /* 05_Animation_Double Buffering */ = {isa = PBXFileReference; explicitFileType = "compiled.mach-o.executable"; includeInIndex = 0; path = "05_Animation_Double Buffering"; sourceTree = BUILT_PRODUCTS_DIR; };
		ABE723CF2660F36500532944 /* main.cpp */ = {isa = PBXFileReference; lastKnownFileType = sourcecode.cpp.cpp; path = main.cpp; sourceTree = "<group>"; };
		ABE723DA2660FC5600532944 /* 06_CubeDrawing */ = {isa = PBXFileReference; explicitFileType = "compiled.mach-o.executable"; includeInIndex = 0; path = 06_CubeDrawing; sourceTree = BUILT_PRODUCTS_DIR; };
		ABE723DC2660FC5600532944 /* main.cpp */ = {isa = PBXFileReference; lastKnownFileType = sourcecode.cpp.cpp; path = main.cpp; sourceTree = "<group>"; };
		ABE723E72666316400532944 /* 07_ModelTransform */ = {isa = PBXFileReference; explicitFileType = "compiled.mach-o.executable"; includeInIndex = 0; path = 07_ModelTransform; sourceTree = BUILT_PRODUCTS_DIR; };
		ABE723E92666316400532944 /* main.cpp */ = {isa = PBXFileReference; lastKnownFileType = sourcecode.cpp.cpp; path = main.cpp; sourceTree = "<group>"; };
		ABE723F42667A28B00532944 /* 08_ViewTransform */ = {isa = PBXFileReference; explicitFileType = "compiled.mach-o.executable"; includeInIndex = 0; path = 08_ViewTransform; sourceTree = BUILT_PRODUCTS_DIR; };
		ABE723F62667A28B00532944 /* main.cpp */ = {isa = PBXFileReference; lastKnownFileType = sourcecode.cpp.cpp; path = main.cpp; sourceTree = "<group>"; };
		ABE72401266B94C200532944 /* 09_Projection Transform */ = {isa = PBXFileReference; explicitFileType = "compiled.mach-o.executable"; includeInIndex = 0; path = "09_Projection Transform"; sourceTree = BUILT_PRODUCTS_DIR; };
		ABE72403266B94C200532944 /* main.cpp */ = {isa = PBXFileReference; lastKnownFileType = sourcecode.cpp.cpp; path = main.cpp; sourceTree = "<group>"; };
		ABE7240E266CD17700532944 /* 10_Visibility Detection */ = {isa = PBXFileReference; explicitFileType = "compiled.mach-o.executable"; includeInIndex = 0; path = "10_Visibility Detection"; sourceTree = BUILT_PRODUCTS_DIR; };
		ABE72410266CD17700532944 /* main.cpp */ = {isa = PBXFileReference; lastKnownFileType = sourcecode.cpp.cpp; path = main.cpp; sourceTree = "<group>"; };
		ABE7241B266E403600532944 /* 12_Anti Aliasing */ = {isa = PBXFileReference; explicitFileType = "compiled.mach-o.executable"; includeInIndex = 0; path = "12_Anti Aliasing"; sourceTree = BUILT_PRODUCTS_DIR; };
		ABE7241D266E403600532944 /* main.cpp */ = {isa = PBXFileReference; lastKnownFileType = sourcecode.cpp.cpp; path = main.cpp; sourceTree = "<group>"; };
		ABE72428266E467700532944 /* 12-1_Anti Aliasing_ChessBoard */ = {isa = PBXFileReference; explicitFileType = "compiled.mach-o.executable"; includeInIndex = 0; path = "12-1_Anti Aliasing_ChessBoard"; sourceTree = BUILT_PRODUCTS_DIR; };
		ABE7242A266E467800532944 /* main.cpp */ = {isa = PBXFileReference; lastKnownFileType = sourcecode.cpp.cpp; path = main.cpp; sourceTree = "<group>"; };
		ABE72435266F846700532944 /* 13_Lighting&Shading */ = {isa = PBXFileReference; explicitFileType = "compiled.mach-o.executable"; includeInIndex = 0; path = "13_Lighting&Shading"; sourceTree = BUILT_PRODUCTS_DIR; };
		ABE72437266F846700532944 /* main.cpp */ = {isa = PBXFileReference; lastKnownFileType = sourcecode.cpp.cpp; path = main.cpp; sourceTree = "<group>"; };
		ABE724422670ACE600532944 /* 13-1_SpotLight */ = {isa = PBXFileReference; explicitFileType = "compiled.mach-o.executable"; includeInIndex = 0; path = "13-1_SpotLight"; sourceTree = BUILT_PRODUCTS_DIR; };
		ABE724442670ACE600532944 /* main.cpp */ = {isa = PBXFileReference; lastKnownFileType = sourcecode.cpp.cpp; path = main.cpp; sourceTree = "<group>"; };
/* End PBXFileReference section */

/* Begin PBXFrameworksBuildPhase section */
		AB1DEB7A265E570C00B10B33 /* Frameworks */ = {
			isa = PBXFrameworksBuildPhase;
			buildActionMask = 2147483647;
			files = (
				AB1DEB8B265E571B00B10B33 /* GLUT.framework in Frameworks */,
				AB1DEB89265E571700B10B33 /* OpenGL.framework in Frameworks */,
			);
			runOnlyForDeploymentPostprocessing = 0;
		};
		AB1DEB8D265E572900B10B33 /* Frameworks */ = {
			isa = PBXFrameworksBuildPhase;
			buildActionMask = 2147483647;
			files = (
				AB1DEB98265E579D00B10B33 /* GLUT.framework in Frameworks */,
				AB1DEB97265E579800B10B33 /* OpenGL.framework in Frameworks */,
			);
			runOnlyForDeploymentPostprocessing = 0;
		};
		AB1DEB9A265E57C100B10B33 /* Frameworks */ = {
			isa = PBXFrameworksBuildPhase;
			buildActionMask = 2147483647;
			files = (
				AB1DEBA5265E57CF00B10B33 /* GLUT.framework in Frameworks */,
				AB1DEBA4265E57C900B10B33 /* OpenGL.framework in Frameworks */,
			);
			runOnlyForDeploymentPostprocessing = 0;
		};
		AB1DEBA7265FABDD00B10B33 /* Frameworks */ = {
			isa = PBXFrameworksBuildPhase;
			buildActionMask = 2147483647;
			files = (
				AB1DEBB2265FABED00B10B33 /* GLUT.framework in Frameworks */,
				AB1DEBB1265FABE900B10B33 /* OpenGL.framework in Frameworks */,
			);
			runOnlyForDeploymentPostprocessing = 0;
		};
		AB1DEBB4265FBEA700B10B33 /* Frameworks */ = {
			isa = PBXFrameworksBuildPhase;
			buildActionMask = 2147483647;
			files = (
				AB1DEBBF265FBEB500B10B33 /* GLUT.framework in Frameworks */,
				AB1DEBBE265FBEB000B10B33 /* OpenGL.framework in Frameworks */,
			);
			runOnlyForDeploymentPostprocessing = 0;
		};
		ABE723CA2660F36500532944 /* Frameworks */ = {
			isa = PBXFrameworksBuildPhase;
			buildActionMask = 2147483647;
			files = (
				ABE723D52660F36D00532944 /* GLUT.framework in Frameworks */,
				ABE723D42660F36A00532944 /* OpenGL.framework in Frameworks */,
			);
			runOnlyForDeploymentPostprocessing = 0;
		};
		ABE723D72660FC5600532944 /* Frameworks */ = {
			isa = PBXFrameworksBuildPhase;
			buildActionMask = 2147483647;
			files = (
				ABE723E22660FC5F00532944 /* GLUT.framework in Frameworks */,
				ABE723E12660FC5B00532944 /* OpenGL.framework in Frameworks */,
			);
			runOnlyForDeploymentPostprocessing = 0;
		};
		ABE723E42666316400532944 /* Frameworks */ = {
			isa = PBXFrameworksBuildPhase;
			buildActionMask = 2147483647;
			files = (
				ABE723EF2666317800532944 /* GLUT.framework in Frameworks */,
				ABE723EE2666316A00532944 /* OpenGL.framework in Frameworks */,
			);
			runOnlyForDeploymentPostprocessing = 0;
		};
		ABE723F12667A28B00532944 /* Frameworks */ = {
			isa = PBXFrameworksBuildPhase;
			buildActionMask = 2147483647;
			files = (
				ABE723FC2667A29600532944 /* GLUT.framework in Frameworks */,
				ABE723FB2667A29200532944 /* OpenGL.framework in Frameworks */,
			);
			runOnlyForDeploymentPostprocessing = 0;
		};
		ABE723FE266B94C200532944 /* Frameworks */ = {
			isa = PBXFrameworksBuildPhase;
			buildActionMask = 2147483647;
			files = (
				ABE72409266B94CD00532944 /* GLUT.framework in Frameworks */,
				ABE72408266B94C900532944 /* OpenGL.framework in Frameworks */,
			);
			runOnlyForDeploymentPostprocessing = 0;
		};
		ABE7240B266CD17700532944 /* Frameworks */ = {
			isa = PBXFrameworksBuildPhase;
			buildActionMask = 2147483647;
			files = (
				ABE72416266CD37800532944 /* GLUT.framework in Frameworks */,
				ABE72415266CD36E00532944 /* OpenGL.framework in Frameworks */,
			);
			runOnlyForDeploymentPostprocessing = 0;
		};
		ABE72418266E403600532944 /* Frameworks */ = {
			isa = PBXFrameworksBuildPhase;
			buildActionMask = 2147483647;
			files = (
				ABE72423266E403F00532944 /* GLUT.framework in Frameworks */,
				ABE72422266E403C00532944 /* OpenGL.framework in Frameworks */,
			);
			runOnlyForDeploymentPostprocessing = 0;
		};
		ABE72425266E467700532944 /* Frameworks */ = {
			isa = PBXFrameworksBuildPhase;
			buildActionMask = 2147483647;
			files = (
				ABE72430266E468900532944 /* GLUT.framework in Frameworks */,
				ABE7242F266E468400532944 /* OpenGL.framework in Frameworks */,
			);
			runOnlyForDeploymentPostprocessing = 0;
		};
		ABE72432266F846700532944 /* Frameworks */ = {
			isa = PBXFrameworksBuildPhase;
			buildActionMask = 2147483647;
			files = (
				ABE7243D266F847500532944 /* GLUT.framework in Frameworks */,
				ABE7243C266F847200532944 /* OpenGL.framework in Frameworks */,
			);
			runOnlyForDeploymentPostprocessing = 0;
		};
		ABE7243F2670ACE600532944 /* Frameworks */ = {
			isa = PBXFrameworksBuildPhase;
			buildActionMask = 2147483647;
			files = (
				ABE7244A2670ACF300532944 /* GLUT.framework in Frameworks */,
				ABE724492670ACEE00532944 /* OpenGL.framework in Frameworks */,
			);
			runOnlyForDeploymentPostprocessing = 0;
		};
/* End PBXFrameworksBuildPhase section */

/* Begin PBXGroup section */
		AB1DEB74265E570C00B10B33 = {
			isa = PBXGroup;
			children = (
				AB1DEB7F265E570C00B10B33 /* Computer Graphics */,
				AB1DEB91265E572900B10B33 /* 01_OpenGL_Start */,
				AB1DEB9E265E57C100B10B33 /* 02_KeyBoardCallBack */,
				AB1DEBAB265FABDD00B10B33 /* 03_MouseCallback */,
				AB1DEBB8265FBEA700B10B33 /* 04_MenuCallBack */,
				ABE723CE2660F36500532944 /* 05_Animation_Double Buffering */,
				ABE723DB2660FC5600532944 /* 06_CubeDrawing */,
				ABE723E82666316400532944 /* 07_ModelTransform */,
				ABE723F52667A28B00532944 /* 08_ViewTransform */,
				ABE72402266B94C200532944 /* 09_Projection Transform */,
				ABE7240F266CD17700532944 /* 10_Visibility Detection */,
				ABE7241C266E403600532944 /* 12_Anti Aliasing */,
				ABE72429266E467800532944 /* 12-1_Anti Aliasing_ChessBoard */,
				ABE72436266F846700532944 /* 13_Lighting&Shading */,
				ABE724432670ACE600532944 /* 13-1_SpotLight */,
				AB1DEB7E265E570C00B10B33 /* Products */,
				AB1DEB87265E571600B10B33 /* Frameworks */,
			);
			sourceTree = "<group>";
		};
		AB1DEB7E265E570C00B10B33 /* Products */ = {
			isa = PBXGroup;
			children = (
				AB1DEB7D265E570C00B10B33 /* Computer Graphics */,
				AB1DEB90265E572900B10B33 /* 01_OpenGL_Start */,
				AB1DEB9D265E57C100B10B33 /* 02_KeyBoardCallBack */,
				AB1DEBAA265FABDD00B10B33 /* 03_MouseCallback */,
				AB1DEBB7265FBEA700B10B33 /* 04_MenuCallBack */,
				ABE723CD2660F36500532944 /* 05_Animation_Double Buffering */,
				ABE723DA2660FC5600532944 /* 06_CubeDrawing */,
				ABE723E72666316400532944 /* 07_ModelTransform */,
				ABE723F42667A28B00532944 /* 08_ViewTransform */,
				ABE72401266B94C200532944 /* 09_Projection Transform */,
				ABE7240E266CD17700532944 /* 10_Visibility Detection */,
				ABE7241B266E403600532944 /* 12_Anti Aliasing */,
				ABE72428266E467700532944 /* 12-1_Anti Aliasing_ChessBoard */,
				ABE72435266F846700532944 /* 13_Lighting&Shading */,
				ABE724422670ACE600532944 /* 13-1_SpotLight */,
			);
			name = Products;
			sourceTree = "<group>";
		};
		AB1DEB7F265E570C00B10B33 /* Computer Graphics */ = {
			isa = PBXGroup;
			children = (
			);
			path = "Computer Graphics";
			sourceTree = "<group>";
		};
		AB1DEB87265E571600B10B33 /* Frameworks */ = {
			isa = PBXGroup;
			children = (
				AB1DEB8A265E571B00B10B33 /* GLUT.framework */,
				AB1DEB88265E571700B10B33 /* OpenGL.framework */,
			);
			name = Frameworks;
			sourceTree = "<group>";
		};
		AB1DEB91265E572900B10B33 /* 01_OpenGL_Start */ = {
			isa = PBXGroup;
			children = (
				AB1DEB92265E572900B10B33 /* main.cpp */,
			);
			path = 01_OpenGL_Start;
			sourceTree = "<group>";
		};
		AB1DEB9E265E57C100B10B33 /* 02_KeyBoardCallBack */ = {
			isa = PBXGroup;
			children = (
				AB1DEB9F265E57C100B10B33 /* main.cpp */,
			);
			path = 02_KeyBoardCallBack;
			sourceTree = "<group>";
		};
		AB1DEBAB265FABDD00B10B33 /* 03_MouseCallback */ = {
			isa = PBXGroup;
			children = (
				AB1DEBAC265FABDD00B10B33 /* main.cpp */,
			);
			path = 03_MouseCallback;
			sourceTree = "<group>";
		};
		AB1DEBB8265FBEA700B10B33 /* 04_MenuCallBack */ = {
			isa = PBXGroup;
			children = (
				AB1DEBB9265FBEA700B10B33 /* main.cpp */,
			);
			path = 04_MenuCallBack;
			sourceTree = "<group>";
		};
		ABE723CE2660F36500532944 /* 05_Animation_Double Buffering */ = {
			isa = PBXGroup;
			children = (
				ABE723CF2660F36500532944 /* main.cpp */,
			);
			path = "05_Animation_Double Buffering";
			sourceTree = "<group>";
		};
		ABE723DB2660FC5600532944 /* 06_CubeDrawing */ = {
			isa = PBXGroup;
			children = (
				ABE723DC2660FC5600532944 /* main.cpp */,
			);
			path = 06_CubeDrawing;
			sourceTree = "<group>";
		};
		ABE723E82666316400532944 /* 07_ModelTransform */ = {
			isa = PBXGroup;
			children = (
				ABE723E92666316400532944 /* main.cpp */,
			);
			path = 07_ModelTransform;
			sourceTree = "<group>";
		};
		ABE723F52667A28B00532944 /* 08_ViewTransform */ = {
			isa = PBXGroup;
			children = (
				ABE723F62667A28B00532944 /* main.cpp */,
			);
			path = 08_ViewTransform;
			sourceTree = "<group>";
		};
		ABE72402266B94C200532944 /* 09_Projection Transform */ = {
			isa = PBXGroup;
			children = (
				ABE72403266B94C200532944 /* main.cpp */,
			);
			path = "09_Projection Transform";
			sourceTree = "<group>";
		};
		ABE7240F266CD17700532944 /* 10_Visibility Detection */ = {
			isa = PBXGroup;
			children = (
				ABE72410266CD17700532944 /* main.cpp */,
			);
			path = "10_Visibility Detection";
			sourceTree = "<group>";
		};
		ABE7241C266E403600532944 /* 12_Anti Aliasing */ = {
			isa = PBXGroup;
			children = (
				ABE7241D266E403600532944 /* main.cpp */,
			);
			path = "12_Anti Aliasing";
			sourceTree = "<group>";
		};
		ABE72429266E467800532944 /* 12-1_Anti Aliasing_ChessBoard */ = {
			isa = PBXGroup;
			children = (
				ABE7242A266E467800532944 /* main.cpp */,
			);
			path = "12-1_Anti Aliasing_ChessBoard";
			sourceTree = "<group>";
		};
		ABE72436266F846700532944 /* 13_Lighting&Shading */ = {
			isa = PBXGroup;
			children = (
				ABE72437266F846700532944 /* main.cpp */,
			);
			path = "13_Lighting&Shading";
			sourceTree = "<group>";
		};
		ABE724432670ACE600532944 /* 13-1_SpotLight */ = {
			isa = PBXGroup;
			children = (
				ABE724442670ACE600532944 /* main.cpp */,
			);
			path = "13-1_SpotLight";
			sourceTree = "<group>";
		};
/* End PBXGroup section */

/* Begin PBXNativeTarget section */
		AB1DEB7C265E570C00B10B33 /* Computer Graphics */ = {
			isa = PBXNativeTarget;
			buildConfigurationList = AB1DEB84265E570C00B10B33 /* Build configuration list for PBXNativeTarget "Computer Graphics" */;
			buildPhases = (
				AB1DEB79265E570C00B10B33 /* Sources */,
				AB1DEB7A265E570C00B10B33 /* Frameworks */,
				AB1DEB7B265E570C00B10B33 /* CopyFiles */,
			);
			buildRules = (
			);
			dependencies = (
			);
			name = "Computer Graphics";
			productName = "Computer Graphics";
			productReference = AB1DEB7D265E570C00B10B33 /* Computer Graphics */;
			productType = "com.apple.product-type.tool";
		};
		AB1DEB8F265E572900B10B33 /* 01_OpenGL_Start */ = {
			isa = PBXNativeTarget;
			buildConfigurationList = AB1DEB94265E572900B10B33 /* Build configuration list for PBXNativeTarget "01_OpenGL_Start" */;
			buildPhases = (
				AB1DEB8C265E572900B10B33 /* Sources */,
				AB1DEB8D265E572900B10B33 /* Frameworks */,
				AB1DEB8E265E572900B10B33 /* CopyFiles */,
			);
			buildRules = (
			);
			dependencies = (
			);
			name = 01_OpenGL_Start;
			productName = 01_OpenGL_Start;
			productReference = AB1DEB90265E572900B10B33 /* 01_OpenGL_Start */;
			productType = "com.apple.product-type.tool";
		};
		AB1DEB9C265E57C100B10B33 /* 02_KeyBoardCallBack */ = {
			isa = PBXNativeTarget;
			buildConfigurationList = AB1DEBA1265E57C100B10B33 /* Build configuration list for PBXNativeTarget "02_KeyBoardCallBack" */;
			buildPhases = (
				AB1DEB99265E57C100B10B33 /* Sources */,
				AB1DEB9A265E57C100B10B33 /* Frameworks */,
				AB1DEB9B265E57C100B10B33 /* CopyFiles */,
			);
			buildRules = (
			);
			dependencies = (
			);
			name = 02_KeyBoardCallBack;
			productName = 02_KeyBoardCallBack;
			productReference = AB1DEB9D265E57C100B10B33 /* 02_KeyBoardCallBack */;
			productType = "com.apple.product-type.tool";
		};
		AB1DEBA9265FABDD00B10B33 /* 03_MouseCallback */ = {
			isa = PBXNativeTarget;
			buildConfigurationList = AB1DEBB0265FABDD00B10B33 /* Build configuration list for PBXNativeTarget "03_MouseCallback" */;
			buildPhases = (
				AB1DEBA6265FABDD00B10B33 /* Sources */,
				AB1DEBA7265FABDD00B10B33 /* Frameworks */,
				AB1DEBA8265FABDD00B10B33 /* CopyFiles */,
			);
			buildRules = (
			);
			dependencies = (
			);
			name = 03_MouseCallback;
			productName = 03_MouseCallback;
			productReference = AB1DEBAA265FABDD00B10B33 /* 03_MouseCallback */;
			productType = "com.apple.product-type.tool";
		};
		AB1DEBB6265FBEA700B10B33 /* 04_MenuCallBack */ = {
			isa = PBXNativeTarget;
			buildConfigurationList = AB1DEBBB265FBEA700B10B33 /* Build configuration list for PBXNativeTarget "04_MenuCallBack" */;
			buildPhases = (
				AB1DEBB3265FBEA700B10B33 /* Sources */,
				AB1DEBB4265FBEA700B10B33 /* Frameworks */,
				AB1DEBB5265FBEA700B10B33 /* CopyFiles */,
			);
			buildRules = (
			);
			dependencies = (
			);
			name = 04_MenuCallBack;
			productName = 04_MenuCallBack;
			productReference = AB1DEBB7265FBEA700B10B33 /* 04_MenuCallBack */;
			productType = "com.apple.product-type.tool";
		};
		ABE723CC2660F36500532944 /* 05_Animation_Double Buffering */ = {
			isa = PBXNativeTarget;
			buildConfigurationList = ABE723D32660F36500532944 /* Build configuration list for PBXNativeTarget "05_Animation_Double Buffering" */;
			buildPhases = (
				ABE723C92660F36500532944 /* Sources */,
				ABE723CA2660F36500532944 /* Frameworks */,
				ABE723CB2660F36500532944 /* CopyFiles */,
			);
			buildRules = (
			);
			dependencies = (
			);
			name = "05_Animation_Double Buffering";
			productName = "05_Animation_Double Buffering";
			productReference = ABE723CD2660F36500532944 /* 05_Animation_Double Buffering */;
			productType = "com.apple.product-type.tool";
		};
		ABE723D92660FC5600532944 /* 06_CubeDrawing */ = {
			isa = PBXNativeTarget;
			buildConfigurationList = ABE723DE2660FC5600532944 /* Build configuration list for PBXNativeTarget "06_CubeDrawing" */;
			buildPhases = (
				ABE723D62660FC5600532944 /* Sources */,
				ABE723D72660FC5600532944 /* Frameworks */,
				ABE723D82660FC5600532944 /* CopyFiles */,
			);
			buildRules = (
			);
			dependencies = (
			);
			name = 06_CubeDrawing;
			productName = 06_CubeDrawing;
			productReference = ABE723DA2660FC5600532944 /* 06_CubeDrawing */;
			productType = "com.apple.product-type.tool";
		};
		ABE723E62666316400532944 /* 07_ModelTransform */ = {
			isa = PBXNativeTarget;
			buildConfigurationList = ABE723EB2666316400532944 /* Build configuration list for PBXNativeTarget "07_ModelTransform" */;
			buildPhases = (
				ABE723E32666316400532944 /* Sources */,
				ABE723E42666316400532944 /* Frameworks */,
				ABE723E52666316400532944 /* CopyFiles */,
			);
			buildRules = (
			);
			dependencies = (
			);
			name = 07_ModelTransform;
			productName = 07_ModelTransform;
			productReference = ABE723E72666316400532944 /* 07_ModelTransform */;
			productType = "com.apple.product-type.tool";
		};
		ABE723F32667A28B00532944 /* 08_ViewTransform */ = {
			isa = PBXNativeTarget;
			buildConfigurationList = ABE723F82667A28B00532944 /* Build configuration list for PBXNativeTarget "08_ViewTransform" */;
			buildPhases = (
				ABE723F02667A28B00532944 /* Sources */,
				ABE723F12667A28B00532944 /* Frameworks */,
				ABE723F22667A28B00532944 /* CopyFiles */,
			);
			buildRules = (
			);
			dependencies = (
			);
			name = 08_ViewTransform;
			productName = 08_ViewTransform;
			productReference = ABE723F42667A28B00532944 /* 08_ViewTransform */;
			productType = "com.apple.product-type.tool";
		};
		ABE72400266B94C200532944 /* 09_Projection Transform */ = {
			isa = PBXNativeTarget;
			buildConfigurationList = ABE72405266B94C200532944 /* Build configuration list for PBXNativeTarget "09_Projection Transform" */;
			buildPhases = (
				ABE723FD266B94C200532944 /* Sources */,
				ABE723FE266B94C200532944 /* Frameworks */,
				ABE723FF266B94C200532944 /* CopyFiles */,
			);
			buildRules = (
			);
			dependencies = (
			);
			name = "09_Projection Transform";
			productName = "09_Projection Transform";
			productReference = ABE72401266B94C200532944 /* 09_Projection Transform */;
			productType = "com.apple.product-type.tool";
		};
		ABE7240D266CD17700532944 /* 10_Visibility Detection */ = {
			isa = PBXNativeTarget;
			buildConfigurationList = ABE72412266CD17700532944 /* Build configuration list for PBXNativeTarget "10_Visibility Detection" */;
			buildPhases = (
				ABE7240A266CD17700532944 /* Sources */,
				ABE7240B266CD17700532944 /* Frameworks */,
				ABE7240C266CD17700532944 /* CopyFiles */,
			);
			buildRules = (
			);
			dependencies = (
			);
			name = "10_Visibility Detection";
			productName = "10_Visibility Detection";
			productReference = ABE7240E266CD17700532944 /* 10_Visibility Detection */;
			productType = "com.apple.product-type.tool";
		};
		ABE7241A266E403600532944 /* 12_Anti Aliasing */ = {
			isa = PBXNativeTarget;
			buildConfigurationList = ABE7241F266E403600532944 /* Build configuration list for PBXNativeTarget "12_Anti Aliasing" */;
			buildPhases = (
				ABE72417266E403600532944 /* Sources */,
				ABE72418266E403600532944 /* Frameworks */,
				ABE72419266E403600532944 /* CopyFiles */,
			);
			buildRules = (
			);
			dependencies = (
			);
			name = "12_Anti Aliasing";
			productName = "12_Anti Aliasing";
			productReference = ABE7241B266E403600532944 /* 12_Anti Aliasing */;
			productType = "com.apple.product-type.tool";
		};
		ABE72427266E467700532944 /* 12-1_Anti Aliasing_ChessBoard */ = {
			isa = PBXNativeTarget;
			buildConfigurationList = ABE7242C266E467800532944 /* Build configuration list for PBXNativeTarget "12-1_Anti Aliasing_ChessBoard" */;
			buildPhases = (
				ABE72424266E467700532944 /* Sources */,
				ABE72425266E467700532944 /* Frameworks */,
				ABE72426266E467700532944 /* CopyFiles */,
			);
			buildRules = (
			);
			dependencies = (
			);
			name = "12-1_Anti Aliasing_ChessBoard";
			productName = "12-1_Anti Aliasing_ChessBoard";
			productReference = ABE72428266E467700532944 /* 12-1_Anti Aliasing_ChessBoard */;
			productType = "com.apple.product-type.tool";
		};
		ABE72434266F846700532944 /* 13_Lighting&Shading */ = {
			isa = PBXNativeTarget;
			buildConfigurationList = ABE72439266F846700532944 /* Build configuration list for PBXNativeTarget "13_Lighting&Shading" */;
			buildPhases = (
				ABE72431266F846700532944 /* Sources */,
				ABE72432266F846700532944 /* Frameworks */,
				ABE72433266F846700532944 /* CopyFiles */,
			);
			buildRules = (
			);
			dependencies = (
			);
			name = "13_Lighting&Shading";
			productName = "13_Lighting&Shading";
			productReference = ABE72435266F846700532944 /* 13_Lighting&Shading */;
			productType = "com.apple.product-type.tool";
		};
		ABE724412670ACE600532944 /* 13-1_SpotLight */ = {
			isa = PBXNativeTarget;
			buildConfigurationList = ABE724462670ACE600532944 /* Build configuration list for PBXNativeTarget "13-1_SpotLight" */;
			buildPhases = (
				ABE7243E2670ACE600532944 /* Sources */,
				ABE7243F2670ACE600532944 /* Frameworks */,
				ABE724402670ACE600532944 /* CopyFiles */,
			);
			buildRules = (
			);
			dependencies = (
			);
			name = "13-1_SpotLight";
			productName = "13-1_SpotLight";
			productReference = ABE724422670ACE600532944 /* 13-1_SpotLight */;
			productType = "com.apple.product-type.tool";
		};
/* End PBXNativeTarget section */

/* Begin PBXProject section */
		AB1DEB75265E570C00B10B33 /* Project object */ = {
			isa = PBXProject;
			attributes = {
				LastUpgradeCheck = 1160;
				ORGANIZATIONNAME = "jaewon na";
				TargetAttributes = {
					AB1DEB7C265E570C00B10B33 = {
						CreatedOnToolsVersion = 11.6;
					};
					AB1DEB8F265E572900B10B33 = {
						CreatedOnToolsVersion = 11.6;
					};
					AB1DEB9C265E57C100B10B33 = {
						CreatedOnToolsVersion = 11.6;
					};
					AB1DEBA9265FABDD00B10B33 = {
						CreatedOnToolsVersion = 11.6;
					};
					AB1DEBB6265FBEA700B10B33 = {
						CreatedOnToolsVersion = 11.6;
					};
					ABE723CC2660F36500532944 = {
						CreatedOnToolsVersion = 11.6;
					};
					ABE723D92660FC5600532944 = {
						CreatedOnToolsVersion = 11.6;
					};
					ABE723E62666316400532944 = {
						CreatedOnToolsVersion = 11.6;
					};
					ABE723F32667A28B00532944 = {
						CreatedOnToolsVersion = 11.6;
					};
					ABE72400266B94C200532944 = {
						CreatedOnToolsVersion = 11.6;
					};
					ABE7240D266CD17700532944 = {
						CreatedOnToolsVersion = 11.6;
					};
					ABE7241A266E403600532944 = {
						CreatedOnToolsVersion = 11.6;
					};
					ABE72427266E467700532944 = {
						CreatedOnToolsVersion = 11.6;
					};
					ABE72434266F846700532944 = {
						CreatedOnToolsVersion = 11.6;
					};
					ABE724412670ACE600532944 = {
						CreatedOnToolsVersion = 11.6;
					};
				};
			};
			buildConfigurationList = AB1DEB78265E570C00B10B33 /* Build configuration list for PBXProject "Computer Graphics" */;
			compatibilityVersion = "Xcode 9.3";
			developmentRegion = en;
			hasScannedForEncodings = 0;
			knownRegions = (
				en,
				Base,
			);
			mainGroup = AB1DEB74265E570C00B10B33;
			productRefGroup = AB1DEB7E265E570C00B10B33 /* Products */;
			projectDirPath = "";
			projectRoot = "";
			targets = (
				AB1DEB7C265E570C00B10B33 /* Computer Graphics */,
				AB1DEB8F265E572900B10B33 /* 01_OpenGL_Start */,
				AB1DEB9C265E57C100B10B33 /* 02_KeyBoardCallBack */,
				AB1DEBA9265FABDD00B10B33 /* 03_MouseCallback */,
				AB1DEBB6265FBEA700B10B33 /* 04_MenuCallBack */,
				ABE723CC2660F36500532944 /* 05_Animation_Double Buffering */,
				ABE723D92660FC5600532944 /* 06_CubeDrawing */,
				ABE723E62666316400532944 /* 07_ModelTransform */,
				ABE723F32667A28B00532944 /* 08_ViewTransform */,
				ABE72400266B94C200532944 /* 09_Projection Transform */,
				ABE7240D266CD17700532944 /* 10_Visibility Detection */,
				ABE7241A266E403600532944 /* 12_Anti Aliasing */,
				ABE72427266E467700532944 /* 12-1_Anti Aliasing_ChessBoard */,
				ABE72434266F846700532944 /* 13_Lighting&Shading */,
				ABE724412670ACE600532944 /* 13-1_SpotLight */,
			);
		};
/* End PBXProject section */

/* Begin PBXSourcesBuildPhase section */
		AB1DEB79265E570C00B10B33 /* Sources */ = {
			isa = PBXSourcesBuildPhase;
			buildActionMask = 2147483647;
			files = (
			);
			runOnlyForDeploymentPostprocessing = 0;
		};
		AB1DEB8C265E572900B10B33 /* Sources */ = {
			isa = PBXSourcesBuildPhase;
			buildActionMask = 2147483647;
			files = (
				AB1DEB93265E572900B10B33 /* main.cpp in Sources */,
			);
			runOnlyForDeploymentPostprocessing = 0;
		};
		AB1DEB99265E57C100B10B33 /* Sources */ = {
			isa = PBXSourcesBuildPhase;
			buildActionMask = 2147483647;
			files = (
				AB1DEBA0265E57C100B10B33 /* main.cpp in Sources */,
			);
			runOnlyForDeploymentPostprocessing = 0;
		};
		AB1DEBA6265FABDD00B10B33 /* Sources */ = {
			isa = PBXSourcesBuildPhase;
			buildActionMask = 2147483647;
			files = (
				AB1DEBAD265FABDD00B10B33 /* main.cpp in Sources */,
			);
			runOnlyForDeploymentPostprocessing = 0;
		};
		AB1DEBB3265FBEA700B10B33 /* Sources */ = {
			isa = PBXSourcesBuildPhase;
			buildActionMask = 2147483647;
			files = (
				AB1DEBBA265FBEA700B10B33 /* main.cpp in Sources */,
			);
			runOnlyForDeploymentPostprocessing = 0;
		};
		ABE723C92660F36500532944 /* Sources */ = {
			isa = PBXSourcesBuildPhase;
			buildActionMask = 2147483647;
			files = (
				ABE723D02660F36500532944 /* main.cpp in Sources */,
			);
			runOnlyForDeploymentPostprocessing = 0;
		};
		ABE723D62660FC5600532944 /* Sources */ = {
			isa = PBXSourcesBuildPhase;
			buildActionMask = 2147483647;
			files = (
				ABE723DD2660FC5600532944 /* main.cpp in Sources */,
			);
			runOnlyForDeploymentPostprocessing = 0;
		};
		ABE723E32666316400532944 /* Sources */ = {
			isa = PBXSourcesBuildPhase;
			buildActionMask = 2147483647;
			files = (
				ABE723EA2666316400532944 /* main.cpp in Sources */,
			);
			runOnlyForDeploymentPostprocessing = 0;
		};
		ABE723F02667A28B00532944 /* Sources */ = {
			isa = PBXSourcesBuildPhase;
			buildActionMask = 2147483647;
			files = (
				ABE723F72667A28B00532944 /* main.cpp in Sources */,
			);
			runOnlyForDeploymentPostprocessing = 0;
		};
		ABE723FD266B94C200532944 /* Sources */ = {
			isa = PBXSourcesBuildPhase;
			buildActionMask = 2147483647;
			files = (
				ABE72404266B94C200532944 /* main.cpp in Sources */,
			);
			runOnlyForDeploymentPostprocessing = 0;
		};
		ABE7240A266CD17700532944 /* Sources */ = {
			isa = PBXSourcesBuildPhase;
			buildActionMask = 2147483647;
			files = (
				ABE72411266CD17700532944 /* main.cpp in Sources */,
			);
			runOnlyForDeploymentPostprocessing = 0;
		};
		ABE72417266E403600532944 /* Sources */ = {
			isa = PBXSourcesBuildPhase;
			buildActionMask = 2147483647;
			files = (
				ABE7241E266E403600532944 /* main.cpp in Sources */,
			);
			runOnlyForDeploymentPostprocessing = 0;
		};
		ABE72424266E467700532944 /* Sources */ = {
			isa = PBXSourcesBuildPhase;
			buildActionMask = 2147483647;
			files = (
				ABE7242B266E467800532944 /* main.cpp in Sources */,
			);
			runOnlyForDeploymentPostprocessing = 0;
		};
		ABE72431266F846700532944 /* Sources */ = {
			isa = PBXSourcesBuildPhase;
			buildActionMask = 2147483647;
			files = (
				ABE72438266F846700532944 /* main.cpp in Sources */,
			);
			runOnlyForDeploymentPostprocessing = 0;
		};
		ABE7243E2670ACE600532944 /* Sources */ = {
			isa = PBXSourcesBuildPhase;
			buildActionMask = 2147483647;
			files = (
				ABE724452670ACE600532944 /* main.cpp in Sources */,
			);
			runOnlyForDeploymentPostprocessing = 0;
		};
/* End PBXSourcesBuildPhase section */

/* Begin XCBuildConfiguration section */
		AB1DEB82265E570C00B10B33 /* Debug */ = {
			isa = XCBuildConfiguration;
			buildSettings = {
				ALWAYS_SEARCH_USER_PATHS = NO;
				CLANG_ANALYZER_NONNULL = YES;
				CLANG_ANALYZER_NUMBER_OBJECT_CONVERSION = YES_AGGRESSIVE;
				CLANG_CXX_LANGUAGE_STANDARD = "gnu++14";
				CLANG_CXX_LIBRARY = "libc++";
				CLANG_ENABLE_MODULES = YES;
				CLANG_ENABLE_OBJC_ARC = YES;
				CLANG_ENABLE_OBJC_WEAK = YES;
				CLANG_WARN_BLOCK_CAPTURE_AUTORELEASING = YES;
				CLANG_WARN_BOOL_CONVERSION = YES;
				CLANG_WARN_COMMA = YES;
				CLANG_WARN_CONSTANT_CONVERSION = YES;
				CLANG_WARN_DEPRECATED_OBJC_IMPLEMENTATIONS = YES;
				CLANG_WARN_DIRECT_OBJC_ISA_USAGE = YES_ERROR;
				CLANG_WARN_DOCUMENTATION_COMMENTS = YES;
				CLANG_WARN_EMPTY_BODY = YES;
				CLANG_WARN_ENUM_CONVERSION = YES;
				CLANG_WARN_INFINITE_RECURSION = YES;
				CLANG_WARN_INT_CONVERSION = YES;
				CLANG_WARN_NON_LITERAL_NULL_CONVERSION = YES;
				CLANG_WARN_OBJC_IMPLICIT_RETAIN_SELF = YES;
				CLANG_WARN_OBJC_LITERAL_CONVERSION = YES;
				CLANG_WARN_OBJC_ROOT_CLASS = YES_ERROR;
				CLANG_WARN_RANGE_LOOP_ANALYSIS = YES;
				CLANG_WARN_STRICT_PROTOTYPES = YES;
				CLANG_WARN_SUSPICIOUS_MOVE = YES;
				CLANG_WARN_UNGUARDED_AVAILABILITY = YES_AGGRESSIVE;
				CLANG_WARN_UNREACHABLE_CODE = YES;
				CLANG_WARN__DUPLICATE_METHOD_MATCH = YES;
				COPY_PHASE_STRIP = NO;
				DEBUG_INFORMATION_FORMAT = dwarf;
				ENABLE_STRICT_OBJC_MSGSEND = YES;
				ENABLE_TESTABILITY = YES;
				GCC_C_LANGUAGE_STANDARD = gnu11;
				GCC_DYNAMIC_NO_PIC = NO;
				GCC_NO_COMMON_BLOCKS = YES;
				GCC_OPTIMIZATION_LEVEL = 0;
				GCC_PREPROCESSOR_DEFINITIONS = (
					"DEBUG=1",
					"$(inherited)",
				);
				GCC_WARN_64_TO_32_BIT_CONVERSION = YES;
				GCC_WARN_ABOUT_RETURN_TYPE = YES_ERROR;
				GCC_WARN_UNDECLARED_SELECTOR = YES;
				GCC_WARN_UNINITIALIZED_AUTOS = YES_AGGRESSIVE;
				GCC_WARN_UNUSED_FUNCTION = YES;
				GCC_WARN_UNUSED_VARIABLE = YES;
				MACOSX_DEPLOYMENT_TARGET = 10.15;
				MTL_ENABLE_DEBUG_INFO = INCLUDE_SOURCE;
				MTL_FAST_MATH = YES;
				ONLY_ACTIVE_ARCH = YES;
				SDKROOT = macosx;
			};
			name = Debug;
		};
		AB1DEB83265E570C00B10B33 /* Release */ = {
			isa = XCBuildConfiguration;
			buildSettings = {
				ALWAYS_SEARCH_USER_PATHS = NO;
				CLANG_ANALYZER_NONNULL = YES;
				CLANG_ANALYZER_NUMBER_OBJECT_CONVERSION = YES_AGGRESSIVE;
				CLANG_CXX_LANGUAGE_STANDARD = "gnu++14";
				CLANG_CXX_LIBRARY = "libc++";
				CLANG_ENABLE_MODULES = YES;
				CLANG_ENABLE_OBJC_ARC = YES;
				CLANG_ENABLE_OBJC_WEAK = YES;
				CLANG_WARN_BLOCK_CAPTURE_AUTORELEASING = YES;
				CLANG_WARN_BOOL_CONVERSION = YES;
				CLANG_WARN_COMMA = YES;
				CLANG_WARN_CONSTANT_CONVERSION = YES;
				CLANG_WARN_DEPRECATED_OBJC_IMPLEMENTATIONS = YES;
				CLANG_WARN_DIRECT_OBJC_ISA_USAGE = YES_ERROR;
				CLANG_WARN_DOCUMENTATION_COMMENTS = YES;
				CLANG_WARN_EMPTY_BODY = YES;
				CLANG_WARN_ENUM_CONVERSION = YES;
				CLANG_WARN_INFINITE_RECURSION = YES;
				CLANG_WARN_INT_CONVERSION = YES;
				CLANG_WARN_NON_LITERAL_NULL_CONVERSION = YES;
				CLANG_WARN_OBJC_IMPLICIT_RETAIN_SELF = YES;
				CLANG_WARN_OBJC_LITERAL_CONVERSION = YES;
				CLANG_WARN_OBJC_ROOT_CLASS = YES_ERROR;
				CLANG_WARN_RANGE_LOOP_ANALYSIS = YES;
				CLANG_WARN_STRICT_PROTOTYPES = YES;
				CLANG_WARN_SUSPICIOUS_MOVE = YES;
				CLANG_WARN_UNGUARDED_AVAILABILITY = YES_AGGRESSIVE;
				CLANG_WARN_UNREACHABLE_CODE = YES;
				CLANG_WARN__DUPLICATE_METHOD_MATCH = YES;
				COPY_PHASE_STRIP = NO;
				DEBUG_INFORMATION_FORMAT = "dwarf-with-dsym";
				ENABLE_NS_ASSERTIONS = NO;
				ENABLE_STRICT_OBJC_MSGSEND = YES;
				GCC_C_LANGUAGE_STANDARD = gnu11;
				GCC_NO_COMMON_BLOCKS = YES;
				GCC_WARN_64_TO_32_BIT_CONVERSION = YES;
				GCC_WARN_ABOUT_RETURN_TYPE = YES_ERROR;
				GCC_WARN_UNDECLARED_SELECTOR = YES;
				GCC_WARN_UNINITIALIZED_AUTOS = YES_AGGRESSIVE;
				GCC_WARN_UNUSED_FUNCTION = YES;
				GCC_WARN_UNUSED_VARIABLE = YES;
				MACOSX_DEPLOYMENT_TARGET = 10.15;
				MTL_ENABLE_DEBUG_INFO = NO;
				MTL_FAST_MATH = YES;
				SDKROOT = macosx;
			};
			name = Release;
		};
		AB1DEB85265E570C00B10B33 /* Debug */ = {
			isa = XCBuildConfiguration;
			buildSettings = {
				CODE_SIGN_STYLE = Automatic;
				DEVELOPMENT_TEAM = LV4G5YZ4T2;
				ENABLE_HARDENED_RUNTIME = YES;
				PRODUCT_NAME = "$(TARGET_NAME)";
			};
			name = Debug;
		};
		AB1DEB86265E570C00B10B33 /* Release */ = {
			isa = XCBuildConfiguration;
			buildSettings = {
				CODE_SIGN_STYLE = Automatic;
				DEVELOPMENT_TEAM = LV4G5YZ4T2;
				ENABLE_HARDENED_RUNTIME = YES;
				PRODUCT_NAME = "$(TARGET_NAME)";
			};
			name = Release;
		};
		AB1DEB95265E572900B10B33 /* Debug */ = {
			isa = XCBuildConfiguration;
			buildSettings = {
				CODE_SIGN_STYLE = Automatic;
				DEVELOPMENT_TEAM = LV4G5YZ4T2;
				ENABLE_HARDENED_RUNTIME = YES;
				PRODUCT_NAME = "$(TARGET_NAME)";
			};
			name = Debug;
		};
		AB1DEB96265E572900B10B33 /* Release */ = {
			isa = XCBuildConfiguration;
			buildSettings = {
				CODE_SIGN_STYLE = Automatic;
				DEVELOPMENT_TEAM = LV4G5YZ4T2;
				ENABLE_HARDENED_RUNTIME = YES;
				PRODUCT_NAME = "$(TARGET_NAME)";
			};
			name = Release;
		};
		AB1DEBA2265E57C100B10B33 /* Debug */ = {
			isa = XCBuildConfiguration;
			buildSettings = {
				CODE_SIGN_STYLE = Automatic;
				DEVELOPMENT_TEAM = LV4G5YZ4T2;
				ENABLE_HARDENED_RUNTIME = YES;
				PRODUCT_NAME = "$(TARGET_NAME)";
			};
			name = Debug;
		};
		AB1DEBA3265E57C100B10B33 /* Release */ = {
			isa = XCBuildConfiguration;
			buildSettings = {
				CODE_SIGN_STYLE = Automatic;
				DEVELOPMENT_TEAM = LV4G5YZ4T2;
				ENABLE_HARDENED_RUNTIME = YES;
				PRODUCT_NAME = "$(TARGET_NAME)";
			};
			name = Release;
		};
		AB1DEBAE265FABDD00B10B33 /* Debug */ = {
			isa = XCBuildConfiguration;
			buildSettings = {
				CODE_SIGN_STYLE = Automatic;
				DEVELOPMENT_TEAM = LV4G5YZ4T2;
				ENABLE_HARDENED_RUNTIME = YES;
				PRODUCT_NAME = "$(TARGET_NAME)";
			};
			name = Debug;
		};
		AB1DEBAF265FABDD00B10B33 /* Release */ = {
			isa = XCBuildConfiguration;
			buildSettings = {
				CODE_SIGN_STYLE = Automatic;
				DEVELOPMENT_TEAM = LV4G5YZ4T2;
				ENABLE_HARDENED_RUNTIME = YES;
				PRODUCT_NAME = "$(TARGET_NAME)";
			};
			name = Release;
		};
		AB1DEBBC265FBEA700B10B33 /* Debug */ = {
			isa = XCBuildConfiguration;
			buildSettings = {
				CODE_SIGN_STYLE = Automatic;
				DEVELOPMENT_TEAM = LV4G5YZ4T2;
				ENABLE_HARDENED_RUNTIME = YES;
				PRODUCT_NAME = "$(TARGET_NAME)";
			};
			name = Debug;
		};
		AB1DEBBD265FBEA700B10B33 /* Release */ = {
			isa = XCBuildConfiguration;
			buildSettings = {
				CODE_SIGN_STYLE = Automatic;
				DEVELOPMENT_TEAM = LV4G5YZ4T2;
				ENABLE_HARDENED_RUNTIME = YES;
				PRODUCT_NAME = "$(TARGET_NAME)";
			};
			name = Release;
		};
		ABE723D12660F36500532944 /* Debug */ = {
			isa = XCBuildConfiguration;
			buildSettings = {
				CODE_SIGN_STYLE = Automatic;
				DEVELOPMENT_TEAM = LV4G5YZ4T2;
				ENABLE_HARDENED_RUNTIME = YES;
				PRODUCT_NAME = "$(TARGET_NAME)";
			};
			name = Debug;
		};
		ABE723D22660F36500532944 /* Release */ = {
			isa = XCBuildConfiguration;
			buildSettings = {
				CODE_SIGN_STYLE = Automatic;
				DEVELOPMENT_TEAM = LV4G5YZ4T2;
				ENABLE_HARDENED_RUNTIME = YES;
				PRODUCT_NAME = "$(TARGET_NAME)";
			};
			name = Release;
		};
		ABE723DF2660FC5600532944 /* Debug */ = {
			isa = XCBuildConfiguration;
			buildSettings = {
				CODE_SIGN_STYLE = Automatic;
				DEVELOPMENT_TEAM = LV4G5YZ4T2;
				ENABLE_HARDENED_RUNTIME = YES;
				PRODUCT_NAME = "$(TARGET_NAME)";
			};
			name = Debug;
		};
		ABE723E02660FC5600532944 /* Release */ = {
			isa = XCBuildConfiguration;
			buildSettings = {
				CODE_SIGN_STYLE = Automatic;
				DEVELOPMENT_TEAM = LV4G5YZ4T2;
				ENABLE_HARDENED_RUNTIME = YES;
				PRODUCT_NAME = "$(TARGET_NAME)";
			};
			name = Release;
		};
		ABE723EC2666316400532944 /* Debug */ = {
			isa = XCBuildConfiguration;
			buildSettings = {
				CODE_SIGN_STYLE = Automatic;
				DEVELOPMENT_TEAM = LV4G5YZ4T2;
				ENABLE_HARDENED_RUNTIME = YES;
				PRODUCT_NAME = "$(TARGET_NAME)";
			};
			name = Debug;
		};
		ABE723ED2666316400532944 /* Release */ = {
			isa = XCBuildConfiguration;
			buildSettings = {
				CODE_SIGN_STYLE = Automatic;
				DEVELOPMENT_TEAM = LV4G5YZ4T2;
				ENABLE_HARDENED_RUNTIME = YES;
				PRODUCT_NAME = "$(TARGET_NAME)";
			};
			name = Release;
		};
		ABE723F92667A28B00532944 /* Debug */ = {
			isa = XCBuildConfiguration;
			buildSettings = {
				CODE_SIGN_STYLE = Automatic;
				DEVELOPMENT_TEAM = LV4G5YZ4T2;
				ENABLE_HARDENED_RUNTIME = YES;
				PRODUCT_NAME = "$(TARGET_NAME)";
			};
			name = Debug;
		};
		ABE723FA2667A28B00532944 /* Release */ = {
			isa = XCBuildConfiguration;
			buildSettings = {
				CODE_SIGN_STYLE = Automatic;
				DEVELOPMENT_TEAM = LV4G5YZ4T2;
				ENABLE_HARDENED_RUNTIME = YES;
				PRODUCT_NAME = "$(TARGET_NAME)";
			};
			name = Release;
		};
		ABE72406266B94C200532944 /* Debug */ = {
			isa = XCBuildConfiguration;
			buildSettings = {
				CODE_SIGN_STYLE = Automatic;
				DEVELOPMENT_TEAM = LV4G5YZ4T2;
				ENABLE_HARDENED_RUNTIME = YES;
				PRODUCT_NAME = "$(TARGET_NAME)";
			};
			name = Debug;
		};
		ABE72407266B94C200532944 /* Release */ = {
			isa = XCBuildConfiguration;
			buildSettings = {
				CODE_SIGN_STYLE = Automatic;
				DEVELOPMENT_TEAM = LV4G5YZ4T2;
				ENABLE_HARDENED_RUNTIME = YES;
				PRODUCT_NAME = "$(TARGET_NAME)";
			};
			name = Release;
		};
		ABE72413266CD17700532944 /* Debug */ = {
			isa = XCBuildConfiguration;
			buildSettings = {
				CODE_SIGN_STYLE = Automatic;
				DEVELOPMENT_TEAM = LV4G5YZ4T2;
				ENABLE_HARDENED_RUNTIME = YES;
				PRODUCT_NAME = "$(TARGET_NAME)";
			};
			name = Debug;
		};
		ABE72414266CD17700532944 /* Release */ = {
			isa = XCBuildConfiguration;
			buildSettings = {
				CODE_SIGN_STYLE = Automatic;
				DEVELOPMENT_TEAM = LV4G5YZ4T2;
				ENABLE_HARDENED_RUNTIME = YES;
				PRODUCT_NAME = "$(TARGET_NAME)";
			};
			name = Release;
		};
		ABE72420266E403600532944 /* Debug */ = {
			isa = XCBuildConfiguration;
			buildSettings = {
				CODE_SIGN_STYLE = Automatic;
				DEVELOPMENT_TEAM = LV4G5YZ4T2;
				ENABLE_HARDENED_RUNTIME = YES;
				PRODUCT_NAME = "$(TARGET_NAME)";
			};
			name = Debug;
		};
		ABE72421266E403600532944 /* Release */ = {
			isa = XCBuildConfiguration;
			buildSettings = {
				CODE_SIGN_STYLE = Automatic;
				DEVELOPMENT_TEAM = LV4G5YZ4T2;
				ENABLE_HARDENED_RUNTIME = YES;
				PRODUCT_NAME = "$(TARGET_NAME)";
			};
			name = Release;
		};
		ABE7242D266E467800532944 /* Debug */ = {
			isa = XCBuildConfiguration;
			buildSettings = {
				CODE_SIGN_STYLE = Automatic;
				DEVELOPMENT_TEAM = LV4G5YZ4T2;
				ENABLE_HARDENED_RUNTIME = YES;
				PRODUCT_NAME = "$(TARGET_NAME)";
			};
			name = Debug;
		};
		ABE7242E266E467800532944 /* Release */ = {
			isa = XCBuildConfiguration;
			buildSettings = {
				CODE_SIGN_STYLE = Automatic;
				DEVELOPMENT_TEAM = LV4G5YZ4T2;
				ENABLE_HARDENED_RUNTIME = YES;
				PRODUCT_NAME = "$(TARGET_NAME)";
			};
			name = Release;
		};
		ABE7243A266F846700532944 /* Debug */ = {
			isa = XCBuildConfiguration;
			buildSettings = {
				CODE_SIGN_STYLE = Automatic;
				DEVELOPMENT_TEAM = LV4G5YZ4T2;
				ENABLE_HARDENED_RUNTIME = YES;
				PRODUCT_NAME = "$(TARGET_NAME)";
			};
			name = Debug;
		};
		ABE7243B266F846700532944 /* Release */ = {
			isa = XCBuildConfiguration;
			buildSettings = {
				CODE_SIGN_STYLE = Automatic;
				DEVELOPMENT_TEAM = LV4G5YZ4T2;
				ENABLE_HARDENED_RUNTIME = YES;
				PRODUCT_NAME = "$(TARGET_NAME)";
			};
			name = Release;
		};
		ABE724472670ACE600532944 /* Debug */ = {
			isa = XCBuildConfiguration;
			buildSettings = {
				CODE_SIGN_STYLE = Automatic;
				DEVELOPMENT_TEAM = LV4G5YZ4T2;
				ENABLE_HARDENED_RUNTIME = YES;
				PRODUCT_NAME = "$(TARGET_NAME)";
			};
			name = Debug;
		};
		ABE724482670ACE600532944 /* Release */ = {
			isa = XCBuildConfiguration;
			buildSettings = {
				CODE_SIGN_STYLE = Automatic;
				DEVELOPMENT_TEAM = LV4G5YZ4T2;
				ENABLE_HARDENED_RUNTIME = YES;
				PRODUCT_NAME = "$(TARGET_NAME)";
			};
			name = Release;
		};
/* End XCBuildConfiguration section */

/* Begin XCConfigurationList section */
		AB1DEB78265E570C00B10B33 /* Build configuration list for PBXProject "Computer Graphics" */ = {
			isa = XCConfigurationList;
			buildConfigurations = (
				AB1DEB82265E570C00B10B33 /* Debug */,
				AB1DEB83265E570C00B10B33 /* Release */,
			);
			defaultConfigurationIsVisible = 0;
			defaultConfigurationName = Release;
		};
		AB1DEB84265E570C00B10B33 /* Build configuration list for PBXNativeTarget "Computer Graphics" */ = {
			isa = XCConfigurationList;
			buildConfigurations = (
				AB1DEB85265E570C00B10B33 /* Debug */,
				AB1DEB86265E570C00B10B33 /* Release */,
			);
			defaultConfigurationIsVisible = 0;
			defaultConfigurationName = Release;
		};
		AB1DEB94265E572900B10B33 /* Build configuration list for PBXNativeTarget "01_OpenGL_Start" */ = {
			isa = XCConfigurationList;
			buildConfigurations = (
				AB1DEB95265E572900B10B33 /* Debug */,
				AB1DEB96265E572900B10B33 /* Release */,
			);
			defaultConfigurationIsVisible = 0;
			defaultConfigurationName = Release;
		};
		AB1DEBA1265E57C100B10B33 /* Build configuration list for PBXNativeTarget "02_KeyBoardCallBack" */ = {
			isa = XCConfigurationList;
			buildConfigurations = (
				AB1DEBA2265E57C100B10B33 /* Debug */,
				AB1DEBA3265E57C100B10B33 /* Release */,
			);
			defaultConfigurationIsVisible = 0;
			defaultConfigurationName = Release;
		};
		AB1DEBB0265FABDD00B10B33 /* Build configuration list for PBXNativeTarget "03_MouseCallback" */ = {
			isa = XCConfigurationList;
			buildConfigurations = (
				AB1DEBAE265FABDD00B10B33 /* Debug */,
				AB1DEBAF265FABDD00B10B33 /* Release */,
			);
			defaultConfigurationIsVisible = 0;
			defaultConfigurationName = Release;
		};
		AB1DEBBB265FBEA700B10B33 /* Build configuration list for PBXNativeTarget "04_MenuCallBack" */ = {
			isa = XCConfigurationList;
			buildConfigurations = (
				AB1DEBBC265FBEA700B10B33 /* Debug */,
				AB1DEBBD265FBEA700B10B33 /* Release */,
			);
			defaultConfigurationIsVisible = 0;
			defaultConfigurationName = Release;
		};
		ABE723D32660F36500532944 /* Build configuration list for PBXNativeTarget "05_Animation_Double Buffering" */ = {
			isa = XCConfigurationList;
			buildConfigurations = (
				ABE723D12660F36500532944 /* Debug */,
				ABE723D22660F36500532944 /* Release */,
			);
			defaultConfigurationIsVisible = 0;
			defaultConfigurationName = Release;
		};
		ABE723DE2660FC5600532944 /* Build configuration list for PBXNativeTarget "06_CubeDrawing" */ = {
			isa = XCConfigurationList;
			buildConfigurations = (
				ABE723DF2660FC5600532944 /* Debug */,
				ABE723E02660FC5600532944 /* Release */,
			);
			defaultConfigurationIsVisible = 0;
			defaultConfigurationName = Release;
		};
		ABE723EB2666316400532944 /* Build configuration list for PBXNativeTarget "07_ModelTransform" */ = {
			isa = XCConfigurationList;
			buildConfigurations = (
				ABE723EC2666316400532944 /* Debug */,
				ABE723ED2666316400532944 /* Release */,
			);
			defaultConfigurationIsVisible = 0;
			defaultConfigurationName = Release;
		};
		ABE723F82667A28B00532944 /* Build configuration list for PBXNativeTarget "08_ViewTransform" */ = {
			isa = XCConfigurationList;
			buildConfigurations = (
				ABE723F92667A28B00532944 /* Debug */,
				ABE723FA2667A28B00532944 /* Release */,
			);
			defaultConfigurationIsVisible = 0;
			defaultConfigurationName = Release;
		};
		ABE72405266B94C200532944 /* Build configuration list for PBXNativeTarget "09_Projection Transform" */ = {
			isa = XCConfigurationList;
			buildConfigurations = (
				ABE72406266B94C200532944 /* Debug */,
				ABE72407266B94C200532944 /* Release */,
			);
			defaultConfigurationIsVisible = 0;
			defaultConfigurationName = Release;
		};
		ABE72412266CD17700532944 /* Build configuration list for PBXNativeTarget "10_Visibility Detection" */ = {
			isa = XCConfigurationList;
			buildConfigurations = (
				ABE72413266CD17700532944 /* Debug */,
				ABE72414266CD17700532944 /* Release */,
			);
			defaultConfigurationIsVisible = 0;
			defaultConfigurationName = Release;
		};
		ABE7241F266E403600532944 /* Build configuration list for PBXNativeTarget "12_Anti Aliasing" */ = {
			isa = XCConfigurationList;
			buildConfigurations = (
				ABE72420266E403600532944 /* Debug */,
				ABE72421266E403600532944 /* Release */,
			);
			defaultConfigurationIsVisible = 0;
			defaultConfigurationName = Release;
		};
		ABE7242C266E467800532944 /* Build configuration list for PBXNativeTarget "12-1_Anti Aliasing_ChessBoard" */ = {
			isa = XCConfigurationList;
			buildConfigurations = (
				ABE7242D266E467800532944 /* Debug */,
				ABE7242E266E467800532944 /* Release */,
			);
			defaultConfigurationIsVisible = 0;
			defaultConfigurationName = Release;
		};
		ABE72439266F846700532944 /* Build configuration list for PBXNativeTarget "13_Lighting&Shading" */ = {
			isa = XCConfigurationList;
			buildConfigurations = (
				ABE7243A266F846700532944 /* Debug */,
				ABE7243B266F846700532944 /* Release */,
			);
			defaultConfigurationIsVisible = 0;
			defaultConfigurationName = Release;
		};
		ABE724462670ACE600532944 /* Build configuration list for PBXNativeTarget "13-1_SpotLight" */ = {
			isa = XCConfigurationList;
			buildConfigurations = (
				ABE724472670ACE600532944 /* Debug */,
				ABE724482670ACE600532944 /* Release */,
			);
			defaultConfigurationIsVisible = 0;
			defaultConfigurationName = Release;
		};
/* End XCConfigurationList section */
	};
	rootObject = AB1DEB75265E570C00B10B33 /* Project object */;
}
